
Microsoft Visual Studio Solution File, Format Version 12.00
# Visual Studio 2012
Project("{8BC9CEB8-8B4A-11D0-8D11-00A0C91BC942}") = "slistTest", "slistTest\slistTest.vcxproj", "{67107D58-9180-479F-8C8B-85BEBD6A174C}"
EndProject
Global
	GlobalSection(SolutionConfigurationPlatforms) = preSolution
		Debug|Win32 = Debug|Win32
		Release|Win32 = Release|Win32
	EndGlobalSection
	GlobalSection(ProjectConfigurationPlatforms) = postSolution
		{67107D58-9180-479F-8C8B-85BEBD6A174C}.Debug|Win32.ActiveCfg = Debug|Win32
		{67107D58-9180-479F-8C8B-85BEBD6A174C}.Debug|Win32.Build.0 = Debug|Win32
		{67107D58-9180-479F-8C8B-85BEBD6A174C}.Release|Win32.ActiveCfg = Release|Win32
		{67107D58-9180-479F-8C8B-85BEBD6A174C}.Release|Win32.Build.0 = Release|Win32
	EndGlobalSection
	GlobalSection(SolutionProperties) = preSolution
		HideSolutionNode = FALSE
	EndGlobalSection
EndGlobal
