<?xml version="1.0" encoding="utf-8"?>
<Project ToolsVersion="4.0" xmlns="http://schemas.microsoft.com/developer/msbuild/2003">
  <ItemGroup>
    <ClCompile Include="dm001_结构体基本操作.cpp" />
    <ClCompile Include="dm002_结构体套一级和二级指针.cpp" />
    <ClCompile Include="dm003_结构体的深copy和浅copy、.cpp" />
    <ClCompile Include="stdafx.cpp" />
    <ClCompile Include="结构体testCode.cpp" />
    <ClCompile Include="dm004_结构体的深拷贝和浅拷贝.cpp" />
  </ItemGroup>
  <ItemGroup>
    <ClInclude Include="stdafx.h" />
    <ClInclude Include="targetver.h" />
  </ItemGroup>
  <ItemGroup>
    <Text Include="ReadMe.txt" />
  </ItemGroup>
</Project>