<?xml version="1.0" encoding="utf-8"?>
<Project ToolsVersion="4.0" xmlns="http://schemas.microsoft.com/developer/msbuild/2003">
  <ItemGroup>
    <ClCompile Include="dm001_test1.cpp" />
    <ClCompile Include="dm002_test2.cpp" />
    <ClCompile Include="dm003_test3.cpp" />
    <ClCompile Include="dm004_递归逆序.cpp" />
    <ClCompile Include="dm005_二级指针输入第一种模型.cpp" />
    <ClCompile Include="dm006_二级指针输入第三种模型.cpp" />
    <ClCompile Include="dm007_玩转多级指针.cpp" />
    <ClCompile Include="dm008_二级指针习题1.cpp" />
    <ClCompile Include="dm009_二级指针练习题2.cpp" />
    <ClCompile Include="dm010_二级指针练习题02.cpp" />
    <ClCompile Include="learningTest.cpp" />
    <ClCompile Include="stdafx.cpp" />
    <ClCompile Include="dm013_二级指针强化练习.cpp" />
    <ClCompile Include="dm011_二级指针练习题3.cpp" />
    <ClCompile Include="dm012_定义数组指针.cpp" />
  </ItemGroup>
  <ItemGroup>
    <ClInclude Include="stdafx.h" />
    <ClInclude Include="targetver.h" />
  </ItemGroup>
  <ItemGroup>
    <Text Include="ReadMe.txt" />
  </ItemGroup>
</Project>